# THIS IS AN AUTOGENERATED FILE. DO NOT EDIT THIS FILE DIRECTLY.
# yarn lockfile v1


"@vant/weapp@^1.5.1":
  version "1.5.1"
  resolved "https://registry.yarnpkg.com/@vant/weapp/-/weapp-1.5.1.tgz#71049153e66e4cd5ccd42a1338fab472e5a5244b"
  integrity sha512-rfaZy8oW+yE/hz2EK2hwS3eTWXPcddJ+/j7GCHd4+GOlSJuXzk6xpM63ARAWWe+EUQrXqGXl7ssOHdqK3Z9Ejg==
